
Microsoft Visual Studio Solution File, Format Version 12.00
# Visual Studio Version 16
VisualStudioVersion = 16.0.31005.135
MinimumVisualStudioVersion = 10.0.40219.1
Project("{FAE04EC0-301F-11D3-BF4B-00C04F79EFBC}") = "Warcaby", "Warcaby.csproj", "{BFE846D7-AB33-40F5-A009-0C02A38C127A}"
EndProject
Global
	GlobalSection(SolutionConfigurationPlatforms) = preSolution
		Debug|Any CPU = Debug|Any CPU
		Release|Any CPU = Release|Any CPU
	EndGlobalSection
	GlobalSection(ProjectConfigurationPlatforms) = postSolution
		{BFE846D7-AB33-40F5-A009-0C02A38C127A}.Debug|Any CPU.ActiveCfg = Debug|Any CPU
		{BFE846D7-AB33-40F5-A009-0C02A38C127A}.Debug|Any CPU.Build.0 = Debug|Any CPU
		{BFE846D7-AB33-40F5-A009-0C02A38C127A}.Release|Any CPU.ActiveCfg = Release|Any CPU
		{BFE846D7-AB33-40F5-A009-0C02A38C127A}.Release|Any CPU.Build.0 = Release|Any CPU
	EndGlobalSection
	GlobalSection(SolutionProperties) = preSolution
		HideSolutionNode = FALSE
	EndGlobalSection
	GlobalSection(ExtensibilityGlobals) = postSolution
		SolutionGuid = {069DDF8D-56D3-4831-948F-274B28A36568}
	EndGlobalSection
EndGlobal
